
Microsoft Visual Studio Solution File, Format Version 12.00
# Visual Studio 15
VisualStudioVersion = 15.0.28010.2003
MinimumVisualStudioVersion = 10.0.40219.1
Project("{D2ABAB84-BF74-430A-B69E-9DC6D40DDA17}") = "MyFirstCube", "src\MyFirstCube\MyFirstCube.dwproj", "{72D45FF2-9911-455E-86A7-0C6BEADDF079}"
EndProject
Global
	GlobalSection(SolutionConfigurationPlatforms) = preSolution
		Development|Default = Development|Default
	EndGlobalSection
	GlobalSection(ProjectConfigurationPlatforms) = postSolution
		{72D45FF2-9911-455E-86A7-0C6BEADDF079}.Development|Default.ActiveCfg = Development
		{72D45FF2-9911-455E-86A7-0C6BEADDF079}.Development|Default.Build.0 = Development
		{72D45FF2-9911-455E-86A7-0C6BEADDF079}.Development|Default.Deploy.0 = Development
	EndGlobalSection
	GlobalSection(SolutionProperties) = preSolution
		HideSolutionNode = FALSE
	EndGlobalSection
	GlobalSection(ExtensibilityGlobals) = postSolution
		SolutionGuid = {9D1C0299-E9E6-434B-B659-817CCD9A1882}
	EndGlobalSection
EndGlobal
